// !$*UTF8*$!
{
	archiveVersion = 1;
	classes = {
	};
	objectVersion = 77;
	objects = {

/* Begin PBXBuildFile section */
		39B501E42F6BE3390001256A /* SecureXPC in Frameworks */ = {isa = PBXBuildFile; productRef = 39B501E32F6BE3390001256A /* SecureXPC */; };
		39B501E72F6BE38A0001256A /* Authorized in Frameworks */ = {isa = PBXBuildFile; productRef = 39B501E62F6BE38A0001256A /* Authorized */; };
		39B501EA2F6BE3B30001256A /* Blessed in Frameworks */ = {isa = PBXBuildFile; productRef = 39B501E92F6BE3B30001256A /* Blessed */; };
		39B501ED2F6BE4410001256A /* Blessed in Frameworks */ = {isa = PBXBuildFile; productRef = 39B501EC2F6BE4410001256A /* Blessed */; };
		39B501EF2F6BE4440001256A /* SecureXPC in Frameworks */ = {isa = PBXBuildFile; productRef = 39B501EE2F6BE4440001256A /* SecureXPC */; };
		8A1000202F6BC8190001256A /* cn.magicdian.BackgroundPlus.helper in CopyFiles */ = {isa = PBXBuildFile; fileRef = 8A1000022F6BC8190001256A /* cn.magicdian.BackgroundPlus.helper */; settings = {ATTRIBUTES = (CodeSignOnCopy, ); }; };
/* End PBXBuildFile section */

/* Begin PBXContainerItemProxy section */
		39B500DB2F6BC8190001256A /* PBXContainerItemProxy */ = {
			isa = PBXContainerItemProxy;
			containerPortal = 39B500C32F6BC8180001256A /* Project object */;
			proxyType = 1;
			remoteGlobalIDString = 39B500CA2F6BC8180001256A;
			remoteInfo = BackgroundPlus;
		};
		39B500E52F6BC8190001256A /* PBXContainerItemProxy */ = {
			isa = PBXContainerItemProxy;
			containerPortal = 39B500C32F6BC8180001256A /* Project object */;
			proxyType = 1;
			remoteGlobalIDString = 39B500CA2F6BC8180001256A;
			remoteInfo = BackgroundPlus;
		};
		8A1000012F6BC8190001256A /* PBXContainerItemProxy */ = {
			isa = PBXContainerItemProxy;
			containerPortal = 39B500C32F6BC8180001256A /* Project object */;
			proxyType = 1;
			remoteGlobalIDString = 8A10000A2F6BC8190001256A;
			remoteInfo = cn.magicdian.BackgroundPlus.helper;
		};
/* End PBXContainerItemProxy section */

/* Begin PBXCopyFilesBuildPhase section */
		8A1000212F6BC8190001256A /* CopyFiles */ = {
			isa = PBXCopyFilesBuildPhase;
			buildActionMask = 2147483647;
			dstPath = Contents/Library/LaunchServices;
			dstSubfolderSpec = 1;
			files = (
				8A1000202F6BC8190001256A /* cn.magicdian.BackgroundPlus.helper in CopyFiles */,
			);
			runOnlyForDeploymentPostprocessing = 0;
		};
/* End PBXCopyFilesBuildPhase section */

/* Begin PBXFileReference section */
		39B500CB2F6BC8180001256A /* BackgroundPlus.app */ = {isa = PBXFileReference; explicitFileType = wrapper.application; includeInIndex = 0; path = BackgroundPlus.app; sourceTree = BUILT_PRODUCTS_DIR; };
		39B500DA2F6BC8190001256A /* BackgroundPlusTests.xctest */ = {isa = PBXFileReference; explicitFileType = wrapper.cfbundle; includeInIndex = 0; path = BackgroundPlusTests.xctest; sourceTree = BUILT_PRODUCTS_DIR; };
		39B500E42F6BC8190001256A /* BackgroundPlusUITests.xctest */ = {isa = PBXFileReference; explicitFileType = wrapper.cfbundle; includeInIndex = 0; path = BackgroundPlusUITests.xctest; sourceTree = BUILT_PRODUCTS_DIR; };
		8A1000022F6BC8190001256A /* cn.magicdian.BackgroundPlus.helper */ = {isa = PBXFileReference; explicitFileType = "compiled.mach-o.executable"; includeInIndex = 0; path = cn.magicdian.BackgroundPlus.helper; sourceTree = BUILT_PRODUCTS_DIR; };
/* End PBXFileReference section */

/* Begin PBXFileSystemSynchronizedRootGroup section */
		39B500CD2F6BC8180001256A /* BackgroundPlus */ = {
			isa = PBXFileSystemSynchronizedRootGroup;
			path = BackgroundPlus;
			sourceTree = "<group>";
		};
		39B500DD2F6BC8190001256A /* BackgroundPlusTests */ = {
			isa = PBXFileSystemSynchronizedRootGroup;
			path = BackgroundPlusTests;
			sourceTree = "<group>";
		};
		39B500E72F6BC8190001256A /* BackgroundPlusUITests */ = {
			isa = PBXFileSystemSynchronizedRootGroup;
			path = BackgroundPlusUITests;
			sourceTree = "<group>";
		};
		8A1000032F6BC8190001256A /* BackgroundPlusHelper */ = {
			isa = PBXFileSystemSynchronizedRootGroup;
			path = BackgroundPlusHelper;
			sourceTree = "<group>";
		};
/* End PBXFileSystemSynchronizedRootGroup section */

/* Begin PBXFrameworksBuildPhase section */
		39B500C82F6BC8180001256A /* Frameworks */ = {
			isa = PBXFrameworksBuildPhase;
			buildActionMask = 2147483647;
			files = (
				39B501EA2F6BE3B30001256A /* Blessed in Frameworks */,
				39B501E42F6BE3390001256A /* SecureXPC in Frameworks */,
				39B501E72F6BE38A0001256A /* Authorized in Frameworks */,
			);
			runOnlyForDeploymentPostprocessing = 0;
		};
		39B500D72F6BC8190001256A /* Frameworks */ = {
			isa = PBXFrameworksBuildPhase;
			buildActionMask = 2147483647;
			files = (
			);
			runOnlyForDeploymentPostprocessing = 0;
		};
		39B500E12F6BC8190001256A /* Frameworks */ = {
			isa = PBXFrameworksBuildPhase;
			buildActionMask = 2147483647;
			files = (
			);
			runOnlyForDeploymentPostprocessing = 0;
		};
		8A1000052F6BC8190001256A /* Frameworks */ = {
			isa = PBXFrameworksBuildPhase;
			buildActionMask = 2147483647;
			files = (
				39B501ED2F6BE4410001256A /* Blessed in Frameworks */,
				39B501EF2F6BE4440001256A /* SecureXPC in Frameworks */,
			);
			runOnlyForDeploymentPostprocessing = 0;
		};
/* End PBXFrameworksBuildPhase section */

/* Begin PBXGroup section */
		39B500C22F6BC8180001256A = {
			isa = PBXGroup;
			children = (
				39B500CD2F6BC8180001256A /* BackgroundPlus */,
				8A1000032F6BC8190001256A /* BackgroundPlusHelper */,
				39B500DD2F6BC8190001256A /* BackgroundPlusTests */,
				39B500E72F6BC8190001256A /* BackgroundPlusUITests */,
				39B501EB2F6BE4410001256A /* Frameworks */,
				39B500CC2F6BC8180001256A /* Products */,
			);
			sourceTree = "<group>";
		};
		39B500CC2F6BC8180001256A /* Products */ = {
			isa = PBXGroup;
			children = (
				39B500CB2F6BC8180001256A /* BackgroundPlus.app */,
				8A1000022F6BC8190001256A /* cn.magicdian.BackgroundPlus.helper */,
				39B500DA2F6BC8190001256A /* BackgroundPlusTests.xctest */,
				39B500E42F6BC8190001256A /* BackgroundPlusUITests.xctest */,
			);
			name = Products;
			sourceTree = "<group>";
		};
		39B501EB2F6BE4410001256A /* Frameworks */ = {
			isa = PBXGroup;
			children = (
			);
			name = Frameworks;
			sourceTree = "<group>";
		};
/* End PBXGroup section */

/* Begin PBXNativeTarget section */
		39B500CA2F6BC8180001256A /* BackgroundPlus */ = {
			isa = PBXNativeTarget;
			buildConfigurationList = 39B500EE2F6BC8190001256A /* Build configuration list for PBXNativeTarget "BackgroundPlus" */;
			buildPhases = (
				39B500C72F6BC8180001256A /* Sources */,
				39B500C82F6BC8180001256A /* Frameworks */,
				39B500C92F6BC8180001256A /* Resources */,
				8A1000212F6BC8190001256A /* CopyFiles */,
			);
			buildRules = (
			);
			dependencies = (
				8A10000D2F6BC8190001256A /* PBXTargetDependency */,
			);
			fileSystemSynchronizedGroups = (
				39B500CD2F6BC8180001256A /* BackgroundPlus */,
			);
			name = BackgroundPlus;
			packageProductDependencies = (
				39B501E32F6BE3390001256A /* SecureXPC */,
				39B501E62F6BE38A0001256A /* Authorized */,
				39B501E92F6BE3B30001256A /* Blessed */,
			);
			productName = BackgroundPlus;
			productReference = 39B500CB2F6BC8180001256A /* BackgroundPlus.app */;
			productType = "com.apple.product-type.application";
		};
		39B500D92F6BC8190001256A /* BackgroundPlusTests */ = {
			isa = PBXNativeTarget;
			buildConfigurationList = 39B500F12F6BC8190001256A /* Build configuration list for PBXNativeTarget "BackgroundPlusTests" */;
			buildPhases = (
				39B500D62F6BC8190001256A /* Sources */,
				39B500D72F6BC8190001256A /* Frameworks */,
				39B500D82F6BC8190001256A /* Resources */,
			);
			buildRules = (
			);
			dependencies = (
				39B500DC2F6BC8190001256A /* PBXTargetDependency */,
			);
			fileSystemSynchronizedGroups = (
				39B500DD2F6BC8190001256A /* BackgroundPlusTests */,
			);
			name = BackgroundPlusTests;
			packageProductDependencies = (
			);
			productName = BackgroundPlusTests;
			productReference = 39B500DA2F6BC8190001256A /* BackgroundPlusTests.xctest */;
			productType = "com.apple.product-type.bundle.unit-test";
		};
		39B500E32F6BC8190001256A /* BackgroundPlusUITests */ = {
			isa = PBXNativeTarget;
			buildConfigurationList = 39B500F42F6BC8190001256A /* Build configuration list for PBXNativeTarget "BackgroundPlusUITests" */;
			buildPhases = (
				39B500E02F6BC8190001256A /* Sources */,
				39B500E12F6BC8190001256A /* Frameworks */,
				39B500E22F6BC8190001256A /* Resources */,
			);
			buildRules = (
			);
			dependencies = (
				39B500E62F6BC8190001256A /* PBXTargetDependency */,
			);
			fileSystemSynchronizedGroups = (
				39B500E72F6BC8190001256A /* BackgroundPlusUITests */,
			);
			name = BackgroundPlusUITests;
			packageProductDependencies = (
			);
			productName = BackgroundPlusUITests;
			productReference = 39B500E42F6BC8190001256A /* BackgroundPlusUITests.xctest */;
			productType = "com.apple.product-type.bundle.ui-testing";
		};
		8A10000A2F6BC8190001256A /* cn.magicdian.BackgroundPlus.helper */ = {
			isa = PBXNativeTarget;
			buildConfigurationList = 8A10000E2F6BC8190001256A /* Build configuration list for PBXNativeTarget "cn.magicdian.BackgroundPlus.helper" */;
			buildPhases = (
				8A1000042F6BC8190001256A /* Sources */,
				8A1000052F6BC8190001256A /* Frameworks */,
				8A1000062F6BC8190001256A /* Resources */,
			);
			buildRules = (
			);
			dependencies = (
			);
			fileSystemSynchronizedGroups = (
				8A1000032F6BC8190001256A /* BackgroundPlusHelper */,
			);
			name = cn.magicdian.BackgroundPlus.helper;
			packageProductDependencies = (
				39B501EC2F6BE4410001256A /* Blessed */,
				39B501EE2F6BE4440001256A /* SecureXPC */,
			);
			productName = cn.magicdian.BackgroundPlus.helper;
			productReference = 8A1000022F6BC8190001256A /* cn.magicdian.BackgroundPlus.helper */;
			productType = "com.apple.product-type.tool";
		};
/* End PBXNativeTarget section */

/* Begin PBXProject section */
		39B500C32F6BC8180001256A /* Project object */ = {
			isa = PBXProject;
			attributes = {
				BuildIndependentTargetsInParallel = 1;
				LastSwiftUpdateCheck = 2630;
				LastUpgradeCheck = 2630;
				TargetAttributes = {
					39B500CA2F6BC8180001256A = {
						CreatedOnToolsVersion = 26.3;
					};
					39B500D92F6BC8190001256A = {
						CreatedOnToolsVersion = 26.3;
						TestTargetID = 39B500CA2F6BC8180001256A;
					};
					39B500E32F6BC8190001256A = {
						CreatedOnToolsVersion = 26.3;
						TestTargetID = 39B500CA2F6BC8180001256A;
					};
					8A10000A2F6BC8190001256A = {
						CreatedOnToolsVersion = 26.3;
					};
				};
			};
			buildConfigurationList = 39B500C62F6BC8180001256A /* Build configuration list for PBXProject "BackgroundPlus" */;
			developmentRegion = en;
			hasScannedForEncodings = 0;
			knownRegions = (
				en,
				Base,
				"zh-Hans",
			);
			mainGroup = 39B500C22F6BC8180001256A;
			minimizedProjectReferenceProxies = 1;
			packageReferences = (
				39B501E22F6BE3390001256A /* XCRemoteSwiftPackageReference "SecureXPC" */,
				39B501E52F6BE38A0001256A /* XCRemoteSwiftPackageReference "Authorized" */,
				39B501E82F6BE3B30001256A /* XCRemoteSwiftPackageReference "Blessed" */,
			);
			preferredProjectObjectVersion = 77;
			productRefGroup = 39B500CC2F6BC8180001256A /* Products */;
			projectDirPath = "";
			projectRoot = "";
			targets = (
				39B500CA2F6BC8180001256A /* BackgroundPlus */,
				8A10000A2F6BC8190001256A /* cn.magicdian.BackgroundPlus.helper */,
				39B500D92F6BC8190001256A /* BackgroundPlusTests */,
				39B500E32F6BC8190001256A /* BackgroundPlusUITests */,
			);
		};
/* End PBXProject section */

/* Begin PBXResourcesBuildPhase section */
		39B500C92F6BC8180001256A /* Resources */ = {
			isa = PBXResourcesBuildPhase;
			buildActionMask = 2147483647;
			files = (
			);
			runOnlyForDeploymentPostprocessing = 0;
		};
		39B500D82F6BC8190001256A /* Resources */ = {
			isa = PBXResourcesBuildPhase;
			buildActionMask = 2147483647;
			files = (
			);
			runOnlyForDeploymentPostprocessing = 0;
		};
		39B500E22F6BC8190001256A /* Resources */ = {
			isa = PBXResourcesBuildPhase;
			buildActionMask = 2147483647;
			files = (
			);
			runOnlyForDeploymentPostprocessing = 0;
		};
		8A1000062F6BC8190001256A /* Resources */ = {
			isa = PBXResourcesBuildPhase;
			buildActionMask = 2147483647;
			files = (
			);
			runOnlyForDeploymentPostprocessing = 0;
		};
/* End PBXResourcesBuildPhase section */

/* Begin PBXSourcesBuildPhase section */
		39B500C72F6BC8180001256A /* Sources */ = {
			isa = PBXSourcesBuildPhase;
			buildActionMask = 2147483647;
			files = (
			);
			runOnlyForDeploymentPostprocessing = 0;
		};
		39B500D62F6BC8190001256A /* Sources */ = {
			isa = PBXSourcesBuildPhase;
			buildActionMask = 2147483647;
			files = (
			);
			runOnlyForDeploymentPostprocessing = 0;
		};
		39B500E02F6BC8190001256A /* Sources */ = {
			isa = PBXSourcesBuildPhase;
			buildActionMask = 2147483647;
			files = (
			);
			runOnlyForDeploymentPostprocessing = 0;
		};
		8A1000042F6BC8190001256A /* Sources */ = {
			isa = PBXSourcesBuildPhase;
			buildActionMask = 2147483647;
			files = (
			);
			runOnlyForDeploymentPostprocessing = 0;
		};
/* End PBXSourcesBuildPhase section */

/* Begin PBXTargetDependency section */
		39B500DC2F6BC8190001256A /* PBXTargetDependency */ = {
			isa = PBXTargetDependency;
			target = 39B500CA2F6BC8180001256A /* BackgroundPlus */;
			targetProxy = 39B500DB2F6BC8190001256A /* PBXContainerItemProxy */;
		};
		39B500E62F6BC8190001256A /* PBXTargetDependency */ = {
			isa = PBXTargetDependency;
			target = 39B500CA2F6BC8180001256A /* BackgroundPlus */;
			targetProxy = 39B500E52F6BC8190001256A /* PBXContainerItemProxy */;
		};
		8A10000D2F6BC8190001256A /* PBXTargetDependency */ = {
			isa = PBXTargetDependency;
			target = 8A10000A2F6BC8190001256A /* cn.magicdian.BackgroundPlus.helper */;
			targetProxy = 8A1000012F6BC8190001256A /* PBXContainerItemProxy */;
		};
/* End PBXTargetDependency section */

/* Begin XCBuildConfiguration section */
		39B500EC2F6BC8190001256A /* Debug */ = {
			isa = XCBuildConfiguration;
			buildSettings = {
				ALWAYS_SEARCH_USER_PATHS = NO;
				ASSETCATALOG_COMPILER_GENERATE_SWIFT_ASSET_SYMBOL_EXTENSIONS = YES;
				CLANG_ANALYZER_NONNULL = YES;
				CLANG_ANALYZER_NUMBER_OBJECT_CONVERSION = YES_AGGRESSIVE;
				CLANG_CXX_LANGUAGE_STANDARD = "gnu++20";
				CLANG_ENABLE_MODULES = YES;
				CLANG_ENABLE_OBJC_ARC = YES;
				CLANG_ENABLE_OBJC_WEAK = YES;
				CLANG_WARN_BLOCK_CAPTURE_AUTORELEASING = YES;
				CLANG_WARN_BOOL_CONVERSION = YES;
				CLANG_WARN_COMMA = YES;
				CLANG_WARN_CONSTANT_CONVERSION = YES;
				CLANG_WARN_DEPRECATED_OBJC_IMPLEMENTATIONS = YES;
				CLANG_WARN_DIRECT_OBJC_ISA_USAGE = YES_ERROR;
				CLANG_WARN_DOCUMENTATION_COMMENTS = YES;
				CLANG_WARN_EMPTY_BODY = YES;
				CLANG_WARN_ENUM_CONVERSION = YES;
				CLANG_WARN_INFINITE_RECURSION = YES;
				CLANG_WARN_INT_CONVERSION = YES;
				CLANG_WARN_NON_LITERAL_NULL_CONVERSION = YES;
				CLANG_WARN_OBJC_IMPLICIT_RETAIN_SELF = YES;
				CLANG_WARN_OBJC_LITERAL_CONVERSION = YES;
				CLANG_WARN_OBJC_ROOT_CLASS = YES_ERROR;
				CLANG_WARN_QUOTED_INCLUDE_IN_FRAMEWORK_HEADER = YES;
				CLANG_WARN_RANGE_LOOP_ANALYSIS = YES;
				CLANG_WARN_STRICT_PROTOTYPES = YES;
				CLANG_WARN_SUSPICIOUS_MOVE = YES;
				CLANG_WARN_UNGUARDED_AVAILABILITY = YES_AGGRESSIVE;
				CLANG_WARN_UNREACHABLE_CODE = YES;
				CLANG_WARN__DUPLICATE_METHOD_MATCH = YES;
				COPY_PHASE_STRIP = NO;
				DEBUG_INFORMATION_FORMAT = dwarf;
				ENABLE_STRICT_OBJC_MSGSEND = YES;
				ENABLE_TESTABILITY = YES;
				ENABLE_USER_SCRIPT_SANDBOXING = YES;
				GCC_C_LANGUAGE_STANDARD = gnu17;
				GCC_DYNAMIC_NO_PIC = NO;
				GCC_NO_COMMON_BLOCKS = YES;
				GCC_OPTIMIZATION_LEVEL = 0;
				GCC_PREPROCESSOR_DEFINITIONS = (
					"DEBUG=1",
					"$(inherited)",
				);
				GCC_WARN_64_TO_32_BIT_CONVERSION = YES;
				GCC_WARN_ABOUT_RETURN_TYPE = YES_ERROR;
				GCC_WARN_UNDECLARED_SELECTOR = YES;
				GCC_WARN_UNINITIALIZED_AUTOS = YES_AGGRESSIVE;
				GCC_WARN_UNUSED_FUNCTION = YES;
				GCC_WARN_UNUSED_VARIABLE = YES;
				LOCALIZATION_PREFERS_STRING_CATALOGS = YES;
				MACOSX_DEPLOYMENT_TARGET = 15.7;
				MTL_ENABLE_DEBUG_INFO = INCLUDE_SOURCE;
				MTL_FAST_MATH = YES;
				ONLY_ACTIVE_ARCH = YES;
				SDKROOT = macosx;
				SWIFT_ACTIVE_COMPILATION_CONDITIONS = "DEBUG $(inherited)";
				SWIFT_OPTIMIZATION_LEVEL = "-Onone";
			};
			name = Debug;
		};
		39B500ED2F6BC8190001256A /* Release */ = {
			isa = XCBuildConfiguration;
			buildSettings = {
				ALWAYS_SEARCH_USER_PATHS = NO;
				ASSETCATALOG_COMPILER_GENERATE_SWIFT_ASSET_SYMBOL_EXTENSIONS = YES;
				CLANG_ANALYZER_NONNULL = YES;
				CLANG_ANALYZER_NUMBER_OBJECT_CONVERSION = YES_AGGRESSIVE;
				CLANG_CXX_LANGUAGE_STANDARD = "gnu++20";
				CLANG_ENABLE_MODULES = YES;
				CLANG_ENABLE_OBJC_ARC = YES;
				CLANG_ENABLE_OBJC_WEAK = YES;
				CLANG_WARN_BLOCK_CAPTURE_AUTORELEASING = YES;
				CLANG_WARN_BOOL_CONVERSION = YES;
				CLANG_WARN_COMMA = YES;
				CLANG_WARN_CONSTANT_CONVERSION = YES;
				CLANG_WARN_DEPRECATED_OBJC_IMPLEMENTATIONS = YES;
				CLANG_WARN_DIRECT_OBJC_ISA_USAGE = YES_ERROR;
				CLANG_WARN_DOCUMENTATION_COMMENTS = YES;
				CLANG_WARN_EMPTY_BODY = YES;
				CLANG_WARN_ENUM_CONVERSION = YES;
				CLANG_WARN_INFINITE_RECURSION = YES;
				CLANG_WARN_INT_CONVERSION = YES;
				CLANG_WARN_NON_LITERAL_NULL_CONVERSION = YES;
				CLANG_WARN_OBJC_IMPLICIT_RETAIN_SELF = YES;
				CLANG_WARN_OBJC_LITERAL_CONVERSION = YES;
				CLANG_WARN_OBJC_ROOT_CLASS = YES_ERROR;
				CLANG_WARN_QUOTED_INCLUDE_IN_FRAMEWORK_HEADER = YES;
				CLANG_WARN_RANGE_LOOP_ANALYSIS = YES;
				CLANG_WARN_STRICT_PROTOTYPES = YES;
				CLANG_WARN_SUSPICIOUS_MOVE = YES;
				CLANG_WARN_UNGUARDED_AVAILABILITY = YES_AGGRESSIVE;
				CLANG_WARN_UNREACHABLE_CODE = YES;
				CLANG_WARN__DUPLICATE_METHOD_MATCH = YES;
				COPY_PHASE_STRIP = NO;
				DEBUG_INFORMATION_FORMAT = "dwarf-with-dsym";
				ENABLE_NS_ASSERTIONS = NO;
				ENABLE_STRICT_OBJC_MSGSEND = YES;
				ENABLE_USER_SCRIPT_SANDBOXING = YES;
				GCC_C_LANGUAGE_STANDARD = gnu17;
				GCC_NO_COMMON_BLOCKS = YES;
				GCC_WARN_64_TO_32_BIT_CONVERSION = YES;
				GCC_WARN_ABOUT_RETURN_TYPE = YES_ERROR;
				GCC_WARN_UNDECLARED_SELECTOR = YES;
				GCC_WARN_UNINITIALIZED_AUTOS = YES_AGGRESSIVE;
				GCC_WARN_UNUSED_FUNCTION = YES;
				GCC_WARN_UNUSED_VARIABLE = YES;
				LOCALIZATION_PREFERS_STRING_CATALOGS = YES;
				MACOSX_DEPLOYMENT_TARGET = 15.7;
				MTL_ENABLE_DEBUG_INFO = NO;
				MTL_FAST_MATH = YES;
				SDKROOT = macosx;
				SWIFT_COMPILATION_MODE = wholemodule;
			};
			name = Release;
		};
		39B500EF2F6BC8190001256A /* Debug */ = {
			isa = XCBuildConfiguration;
			buildSettings = {
				ASSETCATALOG_COMPILER_APPICON_NAME = AppIcon;
				ASSETCATALOG_COMPILER_GLOBAL_ACCENT_COLOR_NAME = AccentColor;
				CODE_SIGN_IDENTITY = "-";
				"CODE_SIGN_IDENTITY[sdk=macosx*]" = "-";
				CODE_SIGN_STYLE = Manual;
				COMBINE_HIDPI_IMAGES = YES;
				CURRENT_PROJECT_VERSION = 1;
				"DEVELOPMENT_TEAM[sdk=macosx*]" = "";
				ENABLE_APP_SANDBOX = NO;
				ENABLE_PREVIEWS = YES;
				GENERATE_INFOPLIST_FILE = NO;
				INFOPLIST_FILE = BackgroundPlus/Info.plist;
				INFOPLIST_KEY_NSHumanReadableCopyright = "";
				LD_RUNPATH_SEARCH_PATHS = (
					"$(inherited)",
					"@executable_path/../Frameworks",
				);
				MARKETING_VERSION = 1.0;
				PRODUCT_BUNDLE_IDENTIFIER = cn.magicdian.BackgroundPlus;
				PRODUCT_NAME = "$(TARGET_NAME)";
				REGISTER_APP_GROUPS = YES;
				STRING_CATALOG_GENERATE_SYMBOLS = YES;
				SWIFT_APPROACHABLE_CONCURRENCY = YES;
				SWIFT_DEFAULT_ACTOR_ISOLATION = MainActor;
				SWIFT_EMIT_LOC_STRINGS = YES;
				SWIFT_UPCOMING_FEATURE_MEMBER_IMPORT_VISIBILITY = YES;
				SWIFT_VERSION = 5.0;
			};
			name = Debug;
		};
		39B500F02F6BC8190001256A /* Release */ = {
			isa = XCBuildConfiguration;
			buildSettings = {
				ASSETCATALOG_COMPILER_APPICON_NAME = AppIcon;
				ASSETCATALOG_COMPILER_GLOBAL_ACCENT_COLOR_NAME = AccentColor;
				CODE_SIGN_IDENTITY = "-";
				"CODE_SIGN_IDENTITY[sdk=macosx*]" = "-";
				CODE_SIGN_STYLE = Manual;
				COMBINE_HIDPI_IMAGES = YES;
				CURRENT_PROJECT_VERSION = 1;
				"DEVELOPMENT_TEAM[sdk=macosx*]" = "";
				ENABLE_APP_SANDBOX = NO;
				ENABLE_PREVIEWS = YES;
				GENERATE_INFOPLIST_FILE = NO;
				INFOPLIST_FILE = BackgroundPlus/Info.plist;
				INFOPLIST_KEY_NSHumanReadableCopyright = "";
				LD_RUNPATH_SEARCH_PATHS = (
					"$(inherited)",
					"@executable_path/../Frameworks",
				);
				MARKETING_VERSION = 1.0;
				PRODUCT_BUNDLE_IDENTIFIER = cn.magicdian.BackgroundPlus;
				PRODUCT_NAME = "$(TARGET_NAME)";
				REGISTER_APP_GROUPS = YES;
				STRING_CATALOG_GENERATE_SYMBOLS = YES;
				SWIFT_APPROACHABLE_CONCURRENCY = YES;
				SWIFT_DEFAULT_ACTOR_ISOLATION = MainActor;
				SWIFT_EMIT_LOC_STRINGS = YES;
				SWIFT_UPCOMING_FEATURE_MEMBER_IMPORT_VISIBILITY = YES;
				SWIFT_VERSION = 5.0;
			};
			name = Release;
		};
		39B500F22F6BC8190001256A /* Debug */ = {
			isa = XCBuildConfiguration;
			buildSettings = {
				BUNDLE_LOADER = "$(TEST_HOST)";
				CODE_SIGN_STYLE = Automatic;
				CURRENT_PROJECT_VERSION = 1;
				GENERATE_INFOPLIST_FILE = YES;
				MACOSX_DEPLOYMENT_TARGET = 15.7;
				MARKETING_VERSION = 1.0;
				PRODUCT_BUNDLE_IDENTIFIER = cn.magicdian.BackgroundPlusTests;
				PRODUCT_NAME = "$(TARGET_NAME)";
				STRING_CATALOG_GENERATE_SYMBOLS = NO;
				SWIFT_APPROACHABLE_CONCURRENCY = YES;
				SWIFT_EMIT_LOC_STRINGS = NO;
				SWIFT_UPCOMING_FEATURE_MEMBER_IMPORT_VISIBILITY = YES;
				SWIFT_VERSION = 5.0;
				TEST_HOST = "$(BUILT_PRODUCTS_DIR)/BackgroundPlus.app/$(BUNDLE_EXECUTABLE_FOLDER_PATH)/BackgroundPlus";
			};
			name = Debug;
		};
		39B500F32F6BC8190001256A /* Release */ = {
			isa = XCBuildConfiguration;
			buildSettings = {
				BUNDLE_LOADER = "$(TEST_HOST)";
				CODE_SIGN_STYLE = Automatic;
				CURRENT_PROJECT_VERSION = 1;
				GENERATE_INFOPLIST_FILE = YES;
				MACOSX_DEPLOYMENT_TARGET = 15.7;
				MARKETING_VERSION = 1.0;
				PRODUCT_BUNDLE_IDENTIFIER = cn.magicdian.BackgroundPlusTests;
				PRODUCT_NAME = "$(TARGET_NAME)";
				STRING_CATALOG_GENERATE_SYMBOLS = NO;
				SWIFT_APPROACHABLE_CONCURRENCY = YES;
				SWIFT_EMIT_LOC_STRINGS = NO;
				SWIFT_UPCOMING_FEATURE_MEMBER_IMPORT_VISIBILITY = YES;
				SWIFT_VERSION = 5.0;
				TEST_HOST = "$(BUILT_PRODUCTS_DIR)/BackgroundPlus.app/$(BUNDLE_EXECUTABLE_FOLDER_PATH)/BackgroundPlus";
			};
			name = Release;
		};
		39B500F52F6BC8190001256A /* Debug */ = {
			isa = XCBuildConfiguration;
			buildSettings = {
				CODE_SIGN_STYLE = Automatic;
				CURRENT_PROJECT_VERSION = 1;
				GENERATE_INFOPLIST_FILE = YES;
				MARKETING_VERSION = 1.0;
				PRODUCT_BUNDLE_IDENTIFIER = cn.magicdian.BackgroundPlusUITests;
				PRODUCT_NAME = "$(TARGET_NAME)";
				STRING_CATALOG_GENERATE_SYMBOLS = NO;
				SWIFT_APPROACHABLE_CONCURRENCY = YES;
				SWIFT_EMIT_LOC_STRINGS = NO;
				SWIFT_UPCOMING_FEATURE_MEMBER_IMPORT_VISIBILITY = YES;
				SWIFT_VERSION = 5.0;
				TEST_TARGET_NAME = BackgroundPlus;
			};
			name = Debug;
		};
		39B500F62F6BC8190001256A /* Release */ = {
			isa = XCBuildConfiguration;
			buildSettings = {
				CODE_SIGN_STYLE = Automatic;
				CURRENT_PROJECT_VERSION = 1;
				GENERATE_INFOPLIST_FILE = YES;
				MARKETING_VERSION = 1.0;
				PRODUCT_BUNDLE_IDENTIFIER = cn.magicdian.BackgroundPlusUITests;
				PRODUCT_NAME = "$(TARGET_NAME)";
				STRING_CATALOG_GENERATE_SYMBOLS = NO;
				SWIFT_APPROACHABLE_CONCURRENCY = YES;
				SWIFT_EMIT_LOC_STRINGS = NO;
				SWIFT_UPCOMING_FEATURE_MEMBER_IMPORT_VISIBILITY = YES;
				SWIFT_VERSION = 5.0;
				TEST_TARGET_NAME = BackgroundPlus;
			};
			name = Release;
		};
		8A10000B2F6BC8190001256A /* Debug */ = {
			isa = XCBuildConfiguration;
			buildSettings = {
				CODE_SIGN_ENTITLEMENTS = BackgroundPlusHelper/BackgroundPlusHelper.entitlements;
				CODE_SIGN_IDENTITY = "-";
				"CODE_SIGN_IDENTITY[sdk=macosx*]" = "-";
				CODE_SIGN_STYLE = Manual;
				CURRENT_PROJECT_VERSION = 1;
				INFOPLIST_FILE = BackgroundPlusHelper/Info.plist;
				MACOSX_DEPLOYMENT_TARGET = 15.7;
				MARKETING_VERSION = 1.0;
				OTHER_LDFLAGS = (
					"-sectcreate",
					__TEXT,
					__info_plist,
					"$(SRCROOT)/BackgroundPlusHelper/Info.plist",
					"-sectcreate",
					__TEXT,
					__launchd_plist,
					"$(SRCROOT)/BackgroundPlusHelper/cn.magicdian.BackgroundPlus.helper.plist",
				);
				PRODUCT_BUNDLE_IDENTIFIER = cn.magicdian.BackgroundPlus.helper;
				PRODUCT_NAME = cn.magicdian.BackgroundPlus.helper;
				SDKROOT = macosx;
				SWIFT_APPROACHABLE_CONCURRENCY = YES;
				SWIFT_UPCOMING_FEATURE_MEMBER_IMPORT_VISIBILITY = YES;
				SWIFT_VERSION = 5.0;
			};
			name = Debug;
		};
		8A10000C2F6BC8190001256A /* Release */ = {
			isa = XCBuildConfiguration;
			buildSettings = {
				CODE_SIGN_ENTITLEMENTS = BackgroundPlusHelper/BackgroundPlusHelper.entitlements;
				CODE_SIGN_IDENTITY = "-";
				"CODE_SIGN_IDENTITY[sdk=macosx*]" = "-";
				CODE_SIGN_STYLE = Manual;
				CURRENT_PROJECT_VERSION = 1;
				INFOPLIST_FILE = BackgroundPlusHelper/Info.plist;
				MACOSX_DEPLOYMENT_TARGET = 15.7;
				MARKETING_VERSION = 1.0;
				OTHER_LDFLAGS = (
					"-sectcreate",
					__TEXT,
					__info_plist,
					"$(SRCROOT)/BackgroundPlusHelper/Info.plist",
					"-sectcreate",
					__TEXT,
					__launchd_plist,
					"$(SRCROOT)/BackgroundPlusHelper/cn.magicdian.BackgroundPlus.helper.plist",
				);
				PRODUCT_BUNDLE_IDENTIFIER = cn.magicdian.BackgroundPlus.helper;
				PRODUCT_NAME = cn.magicdian.BackgroundPlus.helper;
				SDKROOT = macosx;
				SWIFT_APPROACHABLE_CONCURRENCY = YES;
				SWIFT_UPCOMING_FEATURE_MEMBER_IMPORT_VISIBILITY = YES;
				SWIFT_VERSION = 5.0;
			};
			name = Release;
		};
/* End XCBuildConfiguration section */

/* Begin XCConfigurationList section */
		39B500C62F6BC8180001256A /* Build configuration list for PBXProject "BackgroundPlus" */ = {
			isa = XCConfigurationList;
			buildConfigurations = (
				39B500EC2F6BC8190001256A /* Debug */,
				39B500ED2F6BC8190001256A /* Release */,
			);
			defaultConfigurationIsVisible = 0;
			defaultConfigurationName = Release;
		};
		39B500EE2F6BC8190001256A /* Build configuration list for PBXNativeTarget "BackgroundPlus" */ = {
			isa = XCConfigurationList;
			buildConfigurations = (
				39B500EF2F6BC8190001256A /* Debug */,
				39B500F02F6BC8190001256A /* Release */,
			);
			defaultConfigurationIsVisible = 0;
			defaultConfigurationName = Release;
		};
		39B500F12F6BC8190001256A /* Build configuration list for PBXNativeTarget "BackgroundPlusTests" */ = {
			isa = XCConfigurationList;
			buildConfigurations = (
				39B500F22F6BC8190001256A /* Debug */,
				39B500F32F6BC8190001256A /* Release */,
			);
			defaultConfigurationIsVisible = 0;
			defaultConfigurationName = Release;
		};
		39B500F42F6BC8190001256A /* Build configuration list for PBXNativeTarget "BackgroundPlusUITests" */ = {
			isa = XCConfigurationList;
			buildConfigurations = (
				39B500F52F6BC8190001256A /* Debug */,
				39B500F62F6BC8190001256A /* Release */,
			);
			defaultConfigurationIsVisible = 0;
			defaultConfigurationName = Release;
		};
		8A10000E2F6BC8190001256A /* Build configuration list for PBXNativeTarget "cn.magicdian.BackgroundPlus.helper" */ = {
			isa = XCConfigurationList;
			buildConfigurations = (
				8A10000B2F6BC8190001256A /* Debug */,
				8A10000C2F6BC8190001256A /* Release */,
			);
			defaultConfigurationIsVisible = 0;
			defaultConfigurationName = Release;
		};
/* End XCConfigurationList section */

/* Begin XCRemoteSwiftPackageReference section */
		39B501E22F6BE3390001256A /* XCRemoteSwiftPackageReference "SecureXPC" */ = {
			isa = XCRemoteSwiftPackageReference;
			repositoryURL = "https://github.com/trilemma-dev/SecureXPC";
			requirement = {
				kind = upToNextMajorVersion;
				minimumVersion = 0.8.0;
			};
		};
		39B501E52F6BE38A0001256A /* XCRemoteSwiftPackageReference "Authorized" */ = {
			isa = XCRemoteSwiftPackageReference;
			repositoryURL = "https://github.com/trilemma-dev/Authorized";
			requirement = {
				kind = upToNextMajorVersion;
				minimumVersion = 1.0.0;
			};
		};
		39B501E82F6BE3B30001256A /* XCRemoteSwiftPackageReference "Blessed" */ = {
			isa = XCRemoteSwiftPackageReference;
			repositoryURL = "https://github.com/trilemma-dev/Blessed";
			requirement = {
				kind = upToNextMajorVersion;
				minimumVersion = 0.6.0;
			};
		};
/* End XCRemoteSwiftPackageReference section */

/* Begin XCSwiftPackageProductDependency section */
		39B501E32F6BE3390001256A /* SecureXPC */ = {
			isa = XCSwiftPackageProductDependency;
			package = 39B501E22F6BE3390001256A /* XCRemoteSwiftPackageReference "SecureXPC" */;
			productName = SecureXPC;
		};
		39B501E62F6BE38A0001256A /* Authorized */ = {
			isa = XCSwiftPackageProductDependency;
			package = 39B501E52F6BE38A0001256A /* XCRemoteSwiftPackageReference "Authorized" */;
			productName = Authorized;
		};
		39B501E92F6BE3B30001256A /* Blessed */ = {
			isa = XCSwiftPackageProductDependency;
			package = 39B501E82F6BE3B30001256A /* XCRemoteSwiftPackageReference "Blessed" */;
			productName = Blessed;
		};
		39B501EC2F6BE4410001256A /* Blessed */ = {
			isa = XCSwiftPackageProductDependency;
			package = 39B501E82F6BE3B30001256A /* XCRemoteSwiftPackageReference "Blessed" */;
			productName = Blessed;
		};
		39B501EE2F6BE4440001256A /* SecureXPC */ = {
			isa = XCSwiftPackageProductDependency;
			package = 39B501E22F6BE3390001256A /* XCRemoteSwiftPackageReference "SecureXPC" */;
			productName = SecureXPC;
		};
/* End XCSwiftPackageProductDependency section */
	};
	rootObject = 39B500C32F6BC8180001256A /* Project object */;
}
